hash: 5f9bd4984a04adf930d2ad651a0c99d5505960702e99efe129004460db3544b7
updated: 2019-11-12T19:48:55.692425-08:00
imports:
- name: github.com/go-stack/stack
  version: 2fee6af1a9795aafbe0253a0cfbdf668e1fb8a9a
- name: github.com/golang/snappy
  version: ff6b7dc882cf4cfba7ee0b9f7dcc1ac096c554aa
- name: github.com/gorilla/mux
  version: 00bdffe0f3c77e27d2cf6f5c70232a2d3e4d9c15
- name: github.com/xdg/scram
  version: 7eeb5667e42c09cb51bf7b7c28aea8c56767da90
- name: github.com/xdg/stringprep
  version: 73f8eece6fdcd902c185bf651de50f3828bed5ed
- name: go.mongodb.org/mongo-driver
  version: 797e0a635920c291b1808180bf7249eaac5eafed
  subpackages:
  - bson
  - bson/bsoncodec
  - bson/bsonrw
  - bson/bsontype
  - bson/primitive
  - event
  - internal
  - mongo
  - mongo/options
  - mongo/readconcern
  - mongo/readpref
  - mongo/writeconcern
  - tag
  - version
  - x/bsonx
  - x/bsonx/bsoncore
  - x/mongo/driver
  - x/mongo/driver/address
  - x/mongo/driver/auth
  - x/mongo/driver/auth/internal/gssapi
  - x/mongo/driver/connstring
  - x/mongo/driver/description
  - x/mongo/driver/dns
  - x/mongo/driver/operation
  - x/mongo/driver/session
  - x/mongo/driver/topology
  - x/mongo/driver/uuid
  - x/mongo/driver/wiremessage
- name: golang.org/x/crypto
  version: e1110fd1c708ef015366ea01799a23c459593c47
  subpackages:
  - pbkdf2
- name: golang.org/x/sync
  version: cd5d95a43a6e21273425c7ae415d3df9ea832eeb
  subpackages:
  - semaphore
- name: golang.org/x/text
  version: 4b67af870c6ffd08258ef1202f371aebccaf7b68
  subpackages:
  - transform
  - unicode/norm
testImports: []
